// !$*UTF8*$!
{
	archiveVersion = 1;
	classes = {
	};
	objectVersion = 50;
	objects = {

/* Begin PBXBuildFile section */
		25951FEF242E322800300BDC /* AppDelegate.swift in Sources */ = {isa = PBXBuildFile; fileRef = 25951FEE242E322800300BDC /* AppDelegate.swift */; };
		25951FF1242E322800300BDC /* SceneDelegate.swift in Sources */ = {isa = PBXBuildFile; fileRef = 25951FF0242E322800300BDC /* SceneDelegate.swift */; };
		25951FF3242E322800300BDC /* ContentView.swift in Sources */ = {isa = PBXBuildFile; fileRef = 25951FF2242E322800300BDC /* ContentView.swift */; };
		25951FF5242E322900300BDC /* Assets.xcassets in Resources */ = {isa = PBXBuildFile; fileRef = 25951FF4242E322900300BDC /* Assets.xcassets */; };
		25951FF8242E322900300BDC /* Preview Assets.xcassets in Resources */ = {isa = PBXBuildFile; fileRef = 25951FF7242E322900300BDC /* Preview Assets.xcassets */; };
		25951FFB242E322900300BDC /* LaunchScreen.storyboard in Resources */ = {isa = PBXBuildFile; fileRef = 25951FF9242E322900300BDC /* LaunchScreen.storyboard */; };
		25952005242E35A000300BDC /* CreateButton.swift in Sources */ = {isa = PBXBuildFile; fileRef = 25952004242E35A000300BDC /* CreateButton.swift */; };
/* End PBXBuildFile section */

/* Begin PBXFileReference section */
		25951FEB242E322800300BDC /* CreateNew.app */ = {isa = PBXFileReference; explicitFileType = wrapper.application; includeInIndex = 0; path = CreateNew.app; sourceTree = BUILT_PRODUCTS_DIR; };
		25951FEE242E322800300BDC /* AppDelegate.swift */ = {isa = PBXFileReference; lastKnownFileType = sourcecode.swift; path = AppDelegate.swift; sourceTree = "<group>"; };
		25951FF0242E322800300BDC /* SceneDelegate.swift */ = {isa = PBXFileReference; lastKnownFileType = sourcecode.swift; path = SceneDelegate.swift; sourceTree = "<group>"; };
		25951FF2242E322800300BDC /* ContentView.swift */ = {isa = PBXFileReference; lastKnownFileType = sourcecode.swift; path = ContentView.swift; sourceTree = "<group>"; };
		25951FF4242E322900300BDC /* Assets.xcassets */ = {isa = PBXFileReference; lastKnownFileType = folder.assetcatalog; path = Assets.xcassets; sourceTree = "<group>"; };
		25951FF7242E322900300BDC /* Preview Assets.xcassets */ = {isa = PBXFileReference; lastKnownFileType = folder.assetcatalog; path = "Preview Assets.xcassets"; sourceTree = "<group>"; };
		25951FFA242E322900300BDC /* Base */ = {isa = PBXFileReference; lastKnownFileType = file.storyboard; name = Base; path = Base.lproj/LaunchScreen.storyboard; sourceTree = "<group>"; };
		25951FFC242E322900300BDC /* Info.plist */ = {isa = PBXFileReference; lastKnownFileType = text.plist.xml; path = Info.plist; sourceTree = "<group>"; };
		25952002242E323300300BDC /* CreateNew.entitlements */ = {isa = PBXFileReference; lastKnownFileType = text.plist.entitlements; path = CreateNew.entitlements; sourceTree = "<group>"; };
		25952004242E35A000300BDC /* CreateButton.swift */ = {isa = PBXFileReference; lastKnownFileType = sourcecode.swift; path = CreateButton.swift; sourceTree = "<group>"; };
/* End PBXFileReference section */

/* Begin PBXFrameworksBuildPhase section */
		25951FE8242E322800300BDC /* Frameworks */ = {
			isa = PBXFrameworksBuildPhase;
			buildActionMask = 2147483647;
			files = (
			);
			runOnlyForDeploymentPostprocessing = 0;
		};
/* End PBXFrameworksBuildPhase section */

/* Begin PBXGroup section */
		25951FE2242E322800300BDC = {
			isa = PBXGroup;
			children = (
				25951FED242E322800300BDC /* CreateNew */,
				25951FEC242E322800300BDC /* Products */,
			);
			sourceTree = "<group>";
		};
		25951FEC242E322800300BDC /* Products */ = {
			isa = PBXGroup;
			children = (
				25951FEB242E322800300BDC /* CreateNew.app */,
			);
			name = Products;
			sourceTree = "<group>";
		};
		25951FED242E322800300BDC /* CreateNew */ = {
			isa = PBXGroup;
			children = (
				25952003242E358D00300BDC /* UILib */,
				25952002242E323300300BDC /* CreateNew.entitlements */,
				25951FEE242E322800300BDC /* AppDelegate.swift */,
				25951FF0242E322800300BDC /* SceneDelegate.swift */,
				25951FF2242E322800300BDC /* ContentView.swift */,
				25951FF4242E322900300BDC /* Assets.xcassets */,
				25951FF9242E322900300BDC /* LaunchScreen.storyboard */,
				25951FFC242E322900300BDC /* Info.plist */,
				25951FF6242E322900300BDC /* Preview Content */,
			);
			path = CreateNew;
			sourceTree = "<group>";
		};
		25951FF6242E322900300BDC /* Preview Content */ = {
			isa = PBXGroup;
			children = (
				25951FF7242E322900300BDC /* Preview Assets.xcassets */,
			);
			path = "Preview Content";
			sourceTree = "<group>";
		};
		25952003242E358D00300BDC /* UILib */ = {
			isa = PBXGroup;
			children = (
				25952004242E35A000300BDC /* CreateButton.swift */,
			);
			path = UILib;
			sourceTree = "<group>";
		};
/* End PBXGroup section */

/* Begin PBXNativeTarget section */
		25951FEA242E322800300BDC /* CreateNew */ = {
			isa = PBXNativeTarget;
			buildConfigurationList = 25951FFF242E322900300BDC /* Build configuration list for PBXNativeTarget "CreateNew" */;
			buildPhases = (
				25951FE7242E322800300BDC /* Sources */,
				25951FE8242E322800300BDC /* Frameworks */,
				25951FE9242E322800300BDC /* Resources */,
			);
			buildRules = (
			);
			dependencies = (
			);
			name = CreateNew;
			productName = CreateNew;
			productReference = 25951FEB242E322800300BDC /* CreateNew.app */;
			productType = "com.apple.product-type.application";
		};
/* End PBXNativeTarget section */

/* Begin PBXProject section */
		25951FE3242E322800300BDC /* Project object */ = {
			isa = PBXProject;
			attributes = {
				LastSwiftUpdateCheck = 1140;
				LastUpgradeCheck = 1140;
				ORGANIZATIONNAME = "Shota Shimazu";
				TargetAttributes = {
					25951FEA242E322800300BDC = {
						CreatedOnToolsVersion = 11.4;
					};
				};
			};
			buildConfigurationList = 25951FE6242E322800300BDC /* Build configuration list for PBXProject "CreateNew" */;
			compatibilityVersion = "Xcode 9.3";
			developmentRegion = en;
			hasScannedForEncodings = 0;
			knownRegions = (
				en,
				Base,
			);
			mainGroup = 25951FE2242E322800300BDC;
			productRefGroup = 25951FEC242E322800300BDC /* Products */;
			projectDirPath = "";
			projectRoot = "";
			targets = (
				25951FEA242E322800300BDC /* CreateNew */,
			);
		};
/* End PBXProject section */

/* Begin PBXResourcesBuildPhase section */
		25951FE9242E322800300BDC /* Resources */ = {
			isa = PBXResourcesBuildPhase;
			buildActionMask = 2147483647;
			files = (
				25951FFB242E322900300BDC /* LaunchScreen.storyboard in Resources */,
				25951FF8242E322900300BDC /* Preview Assets.xcassets in Resources */,
				25951FF5242E322900300BDC /* Assets.xcassets in Resources */,
			);
			runOnlyForDeploymentPostprocessing = 0;
		};
/* End PBXResourcesBuildPhase section */

/* Begin PBXSourcesBuildPhase section */
		25951FE7242E322800300BDC /* Sources */ = {
			isa = PBXSourcesBuildPhase;
			buildActionMask = 2147483647;
			files = (
				25951FEF242E322800300BDC /* AppDelegate.swift in Sources */,
				25952005242E35A000300BDC /* CreateButton.swift in Sources */,
				25951FF1242E322800300BDC /* SceneDelegate.swift in Sources */,
				25951FF3242E322800300BDC /* ContentView.swift in Sources */,
			);
			runOnlyForDeploymentPostprocessing = 0;
		};
/* End PBXSourcesBuildPhase section */

/* Begin PBXVariantGroup section */
		25951FF9242E322900300BDC /* LaunchScreen.storyboard */ = {
			isa = PBXVariantGroup;
			children = (
				25951FFA242E322900300BDC /* Base */,
			);
			name = LaunchScreen.storyboard;
			sourceTree = "<group>";
		};
/* End PBXVariantGroup section */

/* Begin XCBuildConfiguration section */
		25951FFD242E322900300BDC /* Debug */ = {
			isa = XCBuildConfiguration;
			buildSettings = {
				ALWAYS_SEARCH_USER_PATHS = NO;
				CLANG_ANALYZER_NONNULL = YES;
				CLANG_ANALYZER_NUMBER_OBJECT_CONVERSION = YES_AGGRESSIVE;
				CLANG_CXX_LANGUAGE_STANDARD = "gnu++14";
				CLANG_CXX_LIBRARY = "libc++";
				CLANG_ENABLE_MODULES = YES;
				CLANG_ENABLE_OBJC_ARC = YES;
				CLANG_ENABLE_OBJC_WEAK = YES;
				CLANG_WARN_BLOCK_CAPTURE_AUTORELEASING = YES;
				CLANG_WARN_BOOL_CONVERSION = YES;
				CLANG_WARN_COMMA = YES;
				CLANG_WARN_CONSTANT_CONVERSION = YES;
				CLANG_WARN_DEPRECATED_OBJC_IMPLEMENTATIONS = YES;
				CLANG_WARN_DIRECT_OBJC_ISA_USAGE = YES_ERROR;
				CLANG_WARN_DOCUMENTATION_COMMENTS = YES;
				CLANG_WARN_EMPTY_BODY = YES;
				CLANG_WARN_ENUM_CONVERSION = YES;
				CLANG_WARN_INFINITE_RECURSION = YES;
				CLANG_WARN_INT_CONVERSION = YES;
				CLANG_WARN_NON_LITERAL_NULL_CONVERSION = YES;
				CLANG_WARN_OBJC_IMPLICIT_RETAIN_SELF = YES;
				CLANG_WARN_OBJC_LITERAL_CONVERSION = YES;
				CLANG_WARN_OBJC_ROOT_CLASS = YES_ERROR;
				CLANG_WARN_RANGE_LOOP_ANALYSIS = YES;
				CLANG_WARN_STRICT_PROTOTYPES = YES;
				CLANG_WARN_SUSPICIOUS_MOVE = YES;
				CLANG_WARN_UNGUARDED_AVAILABILITY = YES_AGGRESSIVE;
				CLANG_WARN_UNREACHABLE_CODE = YES;
				CLANG_WARN__DUPLICATE_METHOD_MATCH = YES;
				COPY_PHASE_STRIP = NO;
				DEBUG_INFORMATION_FORMAT = dwarf;
				ENABLE_STRICT_OBJC_MSGSEND = YES;
				ENABLE_TESTABILITY = YES;
				GCC_C_LANGUAGE_STANDARD = gnu11;
				GCC_DYNAMIC_NO_PIC = NO;
				GCC_NO_COMMON_BLOCKS = YES;
				GCC_OPTIMIZATION_LEVEL = 0;
				GCC_PREPROCESSOR_DEFINITIONS = (
					"DEBUG=1",
					"$(inherited)",
				);
				GCC_WARN_64_TO_32_BIT_CONVERSION = YES;
				GCC_WARN_ABOUT_RETURN_TYPE = YES_ERROR;
				GCC_WARN_UNDECLARED_SELECTOR = YES;
				GCC_WARN_UNINITIALIZED_AUTOS = YES_AGGRESSIVE;
				GCC_WARN_UNUSED_FUNCTION = YES;
				GCC_WARN_UNUSED_VARIABLE = YES;
				IPHONEOS_DEPLOYMENT_TARGET = 13.4;
				MTL_ENABLE_DEBUG_INFO = INCLUDE_SOURCE;
				MTL_FAST_MATH = YES;
				ONLY_ACTIVE_ARCH = YES;
				SDKROOT = iphoneos;
				SWIFT_ACTIVE_COMPILATION_CONDITIONS = DEBUG;
				SWIFT_OPTIMIZATION_LEVEL = "-Onone";
			};
			name = Debug;
		};
		25951FFE242E322900300BDC /* Release */ = {
			isa = XCBuildConfiguration;
			buildSettings = {
				ALWAYS_SEARCH_USER_PATHS = NO;
				CLANG_ANALYZER_NONNULL = YES;
				CLANG_ANALYZER_NUMBER_OBJECT_CONVERSION = YES_AGGRESSIVE;
				CLANG_CXX_LANGUAGE_STANDARD = "gnu++14";
				CLANG_CXX_LIBRARY = "libc++";
				CLANG_ENABLE_MODULES = YES;
				CLANG_ENABLE_OBJC_ARC = YES;
				CLANG_ENABLE_OBJC_WEAK = YES;
				CLANG_WARN_BLOCK_CAPTURE_AUTORELEASING = YES;
				CLANG_WARN_BOOL_CONVERSION = YES;
				CLANG_WARN_COMMA = YES;
				CLANG_WARN_CONSTANT_CONVERSION = YES;
				CLANG_WARN_DEPRECATED_OBJC_IMPLEMENTATIONS = YES;
				CLANG_WARN_DIRECT_OBJC_ISA_USAGE = YES_ERROR;
				CLANG_WARN_DOCUMENTATION_COMMENTS = YES;
				CLANG_WARN_EMPTY_BODY = YES;
				CLANG_WARN_ENUM_CONVERSION = YES;
				CLANG_WARN_INFINITE_RECURSION = YES;
				CLANG_WARN_INT_CONVERSION = YES;
				CLANG_WARN_NON_LITERAL_NULL_CONVERSION = YES;
				CLANG_WARN_OBJC_IMPLICIT_RETAIN_SELF = YES;
				CLANG_WARN_OBJC_LITERAL_CONVERSION = YES;
				CLANG_WARN_OBJC_ROOT_CLASS = YES_ERROR;
				CLANG_WARN_RANGE_LOOP_ANALYSIS = YES;
				CLANG_WARN_STRICT_PROTOTYPES = YES;
				CLANG_WARN_SUSPICIOUS_MOVE = YES;
				CLANG_WARN_UNGUARDED_AVAILABILITY = YES_AGGRESSIVE;
				CLANG_WARN_UNREACHABLE_CODE = YES;
				CLANG_WARN__DUPLICATE_METHOD_MATCH = YES;
				COPY_PHASE_STRIP = NO;
				DEBUG_INFORMATION_FORMAT = "dwarf-with-dsym";
				ENABLE_NS_ASSERTIONS = NO;
				ENABLE_STRICT_OBJC_MSGSEND = YES;
				GCC_C_LANGUAGE_STANDARD = gnu11;
				GCC_NO_COMMON_BLOCKS = YES;
				GCC_WARN_64_TO_32_BIT_CONVERSION = YES;
				GCC_WARN_ABOUT_RETURN_TYPE = YES_ERROR;
				GCC_WARN_UNDECLARED_SELECTOR = YES;
				GCC_WARN_UNINITIALIZED_AUTOS = YES_AGGRESSIVE;
				GCC_WARN_UNUSED_FUNCTION = YES;
				GCC_WARN_UNUSED_VARIABLE = YES;
				IPHONEOS_DEPLOYMENT_TARGET = 13.4;
				MTL_ENABLE_DEBUG_INFO = NO;
				MTL_FAST_MATH = YES;
				SDKROOT = iphoneos;
				SWIFT_COMPILATION_MODE = wholemodule;
				SWIFT_OPTIMIZATION_LEVEL = "-O";
				VALIDATE_PRODUCT = YES;
			};
			name = Release;
		};
		25952000242E322900300BDC /* Debug */ = {
			isa = XCBuildConfiguration;
			buildSettings = {
				ASSETCATALOG_COMPILER_APPICON_NAME = AppIcon;
				CODE_SIGN_ENTITLEMENTS = CreateNew/CreateNew.entitlements;
				CODE_SIGN_STYLE = Automatic;
				DEVELOPMENT_ASSET_PATHS = "\"CreateNew/Preview Content\"";
				DEVELOPMENT_TEAM = 8T4P9D4TB2;
				ENABLE_PREVIEWS = YES;
				INFOPLIST_FILE = CreateNew/Info.plist;
				LD_RUNPATH_SEARCH_PATHS = (
					"$(inherited)",
					"@executable_path/Frameworks",
				);
				PRODUCT_BUNDLE_IDENTIFIER = com.shotastage.CreateNew;
				PRODUCT_NAME = "$(TARGET_NAME)";
				SUPPORTS_MACCATALYST = YES;
				SWIFT_VERSION = 5.0;
				TARGETED_DEVICE_FAMILY = 2;
			};
			name = Debug;
		};
		25952001242E322900300BDC /* Release */ = {
			isa = XCBuildConfiguration;
			buildSettings = {
				ASSETCATALOG_COMPILER_APPICON_NAME = AppIcon;
				CODE_SIGN_ENTITLEMENTS = CreateNew/CreateNew.entitlements;
				CODE_SIGN_STYLE = Automatic;
				DEVELOPMENT_ASSET_PATHS = "\"CreateNew/Preview Content\"";
				DEVELOPMENT_TEAM = 8T4P9D4TB2;
				ENABLE_PREVIEWS = YES;
				INFOPLIST_FILE = CreateNew/Info.plist;
				LD_RUNPATH_SEARCH_PATHS = (
					"$(inherited)",
					"@executable_path/Frameworks",
				);
				PRODUCT_BUNDLE_IDENTIFIER = com.shotastage.CreateNew;
				PRODUCT_NAME = "$(TARGET_NAME)";
				SUPPORTS_MACCATALYST = YES;
				SWIFT_VERSION = 5.0;
				TARGETED_DEVICE_FAMILY = 2;
			};
			name = Release;
		};
/* End XCBuildConfiguration section */

/* Begin XCConfigurationList section */
		25951FE6242E322800300BDC /* Build configuration list for PBXProject "CreateNew" */ = {
			isa = XCConfigurationList;
			buildConfigurations = (
				25951FFD242E322900300BDC /* Debug */,
				25951FFE242E322900300BDC /* Release */,
			);
			defaultConfigurationIsVisible = 0;
			defaultConfigurationName = Release;
		};
		25951FFF242E322900300BDC /* Build configuration list for PBXNativeTarget "CreateNew" */ = {
			isa = XCConfigurationList;
			buildConfigurations = (
				25952000242E322900300BDC /* Debug */,
				25952001242E322900300BDC /* Release */,
			);
			defaultConfigurationIsVisible = 0;
			defaultConfigurationName = Release;
		};
/* End XCConfigurationList section */
	};
	rootObject = 25951FE3242E322800300BDC /* Project object */;
}
